
Microsoft Visual Studio Solution File, Format Version 12.00
# Visual Studio 15
VisualStudioVersion = 15.0.27130.2036
MinimumVisualStudioVersion = 10.0.40219.1
Project("{FAE04EC0-301F-11D3-BF4B-00C04F79EFBC}") = "SchemaUpdater", "src\SchemaUpdater\SchemaUpdater.csproj", "{9D7D0083-C34C-432E-B497-49D6DF810158}"
EndProject
Project("{2150E333-8FDC-42A3-9474-1A3956D46DE8}") = "src", "src", "{325B98CF-5F62-4DE8-9155-8BD0A9FA28DF}"
EndProject
Project("{2150E333-8FDC-42A3-9474-1A3956D46DE8}") = "tests", "tests", "{6029159D-F89E-4CEC-940C-1BFA62DF43E0}"
EndProject
Project("{FAE04EC0-301F-11D3-BF4B-00C04F79EFBC}") = "SchemaUpdater.Test", "tests\SchemaUpdater.Test\SchemaUpdater.Test.csproj", "{D85658D6-453B-47F3-BFDB-FA91651328E6}"
EndProject
Project("{FAE04EC0-301F-11D3-BF4B-00C04F79EFBC}") = "SchemaUpdater.IntegrationTest", "tests\SchemaUpdater.IntegrationTest\SchemaUpdater.IntegrationTest.csproj", "{A15E3F4A-DFB1-48DA-AAFF-D7A612636B3E}"
EndProject
Global
	GlobalSection(SolutionConfigurationPlatforms) = preSolution
		Debug|Any CPU = Debug|Any CPU
		Release|Any CPU = Release|Any CPU
	EndGlobalSection
	GlobalSection(ProjectConfigurationPlatforms) = postSolution
		{9D7D0083-C34C-432E-B497-49D6DF810158}.Debug|Any CPU.ActiveCfg = Debug|Any CPU
		{9D7D0083-C34C-432E-B497-49D6DF810158}.Debug|Any CPU.Build.0 = Debug|Any CPU
		{9D7D0083-C34C-432E-B497-49D6DF810158}.Release|Any CPU.ActiveCfg = Release|Any CPU
		{9D7D0083-C34C-432E-B497-49D6DF810158}.Release|Any CPU.Build.0 = Release|Any CPU
		{D85658D6-453B-47F3-BFDB-FA91651328E6}.Debug|Any CPU.ActiveCfg = Debug|Any CPU
		{D85658D6-453B-47F3-BFDB-FA91651328E6}.Debug|Any CPU.Build.0 = Debug|Any CPU
		{D85658D6-453B-47F3-BFDB-FA91651328E6}.Release|Any CPU.ActiveCfg = Release|Any CPU
		{D85658D6-453B-47F3-BFDB-FA91651328E6}.Release|Any CPU.Build.0 = Release|Any CPU
		{A15E3F4A-DFB1-48DA-AAFF-D7A612636B3E}.Debug|Any CPU.ActiveCfg = Debug|Any CPU
		{A15E3F4A-DFB1-48DA-AAFF-D7A612636B3E}.Debug|Any CPU.Build.0 = Debug|Any CPU
		{A15E3F4A-DFB1-48DA-AAFF-D7A612636B3E}.Release|Any CPU.ActiveCfg = Release|Any CPU
		{A15E3F4A-DFB1-48DA-AAFF-D7A612636B3E}.Release|Any CPU.Build.0 = Release|Any CPU
	EndGlobalSection
	GlobalSection(SolutionProperties) = preSolution
		HideSolutionNode = FALSE
	EndGlobalSection
	GlobalSection(NestedProjects) = preSolution
		{9D7D0083-C34C-432E-B497-49D6DF810158} = {325B98CF-5F62-4DE8-9155-8BD0A9FA28DF}
		{D85658D6-453B-47F3-BFDB-FA91651328E6} = {6029159D-F89E-4CEC-940C-1BFA62DF43E0}
		{A15E3F4A-DFB1-48DA-AAFF-D7A612636B3E} = {6029159D-F89E-4CEC-940C-1BFA62DF43E0}
	EndGlobalSection
	GlobalSection(ExtensibilityGlobals) = postSolution
		SolutionGuid = {EADF7CAE-6A11-4908-A64C-4D2C47D29F4B}
	EndGlobalSection
EndGlobal
